// !$*UTF8*$!
{
	archiveVersion = 1;
	classes = {
	};
	objectVersion = 52;
	objects = {

/* Begin PBXBuildFile section */
		A66D8C3A24976A9A00D777EB /* AppDelegate.swift in Sources */ = {isa = PBXBuildFile; fileRef = A66D8C3924976A9A00D777EB /* AppDelegate.swift */; };
		A66D8C3C24976A9A00D777EB /* SceneDelegate.swift in Sources */ = {isa = PBXBuildFile; fileRef = A66D8C3B24976A9A00D777EB /* SceneDelegate.swift */; };
		A66D8C3E24976A9A00D777EB /* NewsListTableViewController.swift in Sources */ = {isa = PBXBuildFile; fileRef = A66D8C3D24976A9A00D777EB /* NewsListTableViewController.swift */; };
		A66D8C4124976A9A00D777EB /* Main.storyboard in Resources */ = {isa = PBXBuildFile; fileRef = A66D8C3F24976A9A00D777EB /* Main.storyboard */; };
		A66D8C4424976A9A00D777EB /* App.xcdatamodeld in Sources */ = {isa = PBXBuildFile; fileRef = A66D8C4224976A9A00D777EB /* App.xcdatamodeld */; };
		A66D8C4624976AA000D777EB /* Assets.xcassets in Resources */ = {isa = PBXBuildFile; fileRef = A66D8C4524976AA000D777EB /* Assets.xcassets */; };
		A66D8C4924976AA000D777EB /* LaunchScreen.storyboard in Resources */ = {isa = PBXBuildFile; fileRef = A66D8C4724976AA000D777EB /* LaunchScreen.storyboard */; };
		A66D8C5324978E0D00D777EB /* NewsListTableViewCell.swift in Sources */ = {isa = PBXBuildFile; fileRef = A66D8C5224978E0D00D777EB /* NewsListTableViewCell.swift */; };
		A66D8C552497980E00D777EB /* NewsTableViewController.swift in Sources */ = {isa = PBXBuildFile; fileRef = A66D8C542497980E00D777EB /* NewsTableViewController.swift */; };
		A66D8C58249798F100D777EB /* NewsTableViewCell.swift in Sources */ = {isa = PBXBuildFile; fileRef = A66D8C57249798F100D777EB /* NewsTableViewCell.swift */; };
		A66D8C602497BA5300D777EB /* News.swift in Sources */ = {isa = PBXBuildFile; fileRef = A66D8C5F2497BA5300D777EB /* News.swift */; };
		A66D8C652498BBF000D777EB /* NetworkManager.swift in Sources */ = {isa = PBXBuildFile; fileRef = A66D8C642498BBEF00D777EB /* NetworkManager.swift */; };
		A66D8C6A2498F6A400D777EB /* FeedKit in Frameworks */ = {isa = PBXBuildFile; productRef = A66D8C692498F6A400D777EB /* FeedKit */; };
/* End PBXBuildFile section */

/* Begin PBXFileReference section */
		A66D8C3624976A9A00D777EB /* AppVelox.app */ = {isa = PBXFileReference; explicitFileType = wrapper.application; includeInIndex = 0; path = AppVelox.app; sourceTree = BUILT_PRODUCTS_DIR; };
		A66D8C3924976A9A00D777EB /* AppDelegate.swift */ = {isa = PBXFileReference; lastKnownFileType = sourcecode.swift; path = AppDelegate.swift; sourceTree = "<group>"; };
		A66D8C3B24976A9A00D777EB /* SceneDelegate.swift */ = {isa = PBXFileReference; lastKnownFileType = sourcecode.swift; path = SceneDelegate.swift; sourceTree = "<group>"; };
		A66D8C3D24976A9A00D777EB /* NewsListTableViewController.swift */ = {isa = PBXFileReference; lastKnownFileType = sourcecode.swift; path = NewsListTableViewController.swift; sourceTree = "<group>"; };
		A66D8C4024976A9A00D777EB /* Base */ = {isa = PBXFileReference; lastKnownFileType = file.storyboard; name = Base; path = Base.lproj/Main.storyboard; sourceTree = "<group>"; };
		A66D8C4324976A9A00D777EB /* App.xcdatamodel */ = {isa = PBXFileReference; lastKnownFileType = wrapper.xcdatamodel; path = App.xcdatamodel; sourceTree = "<group>"; };
		A66D8C4524976AA000D777EB /* Assets.xcassets */ = {isa = PBXFileReference; lastKnownFileType = folder.assetcatalog; path = Assets.xcassets; sourceTree = "<group>"; };
		A66D8C4824976AA000D777EB /* Base */ = {isa = PBXFileReference; lastKnownFileType = file.storyboard; name = Base; path = Base.lproj/LaunchScreen.storyboard; sourceTree = "<group>"; };
		A66D8C4A24976AA000D777EB /* Info.plist */ = {isa = PBXFileReference; lastKnownFileType = text.plist.xml; path = Info.plist; sourceTree = "<group>"; };
		A66D8C5224978E0D00D777EB /* NewsListTableViewCell.swift */ = {isa = PBXFileReference; lastKnownFileType = sourcecode.swift; path = NewsListTableViewCell.swift; sourceTree = "<group>"; };
		A66D8C542497980E00D777EB /* NewsTableViewController.swift */ = {isa = PBXFileReference; lastKnownFileType = sourcecode.swift; path = NewsTableViewController.swift; sourceTree = "<group>"; };
		A66D8C57249798F100D777EB /* NewsTableViewCell.swift */ = {isa = PBXFileReference; lastKnownFileType = sourcecode.swift; path = NewsTableViewCell.swift; sourceTree = "<group>"; };
		A66D8C5F2497BA5300D777EB /* News.swift */ = {isa = PBXFileReference; lastKnownFileType = sourcecode.swift; path = News.swift; sourceTree = "<group>"; };
		A66D8C642498BBEF00D777EB /* NetworkManager.swift */ = {isa = PBXFileReference; lastKnownFileType = sourcecode.swift; path = NetworkManager.swift; sourceTree = "<group>"; };
/* End PBXFileReference section */

/* Begin PBXFrameworksBuildPhase section */
		A66D8C3324976A9A00D777EB /* Frameworks */ = {
			isa = PBXFrameworksBuildPhase;
			buildActionMask = 2147483647;
			files = (
				A66D8C6A2498F6A400D777EB /* FeedKit in Frameworks */,
			);
			runOnlyForDeploymentPostprocessing = 0;
		};
/* End PBXFrameworksBuildPhase section */

/* Begin PBXGroup section */
		A66D8C2D24976A9A00D777EB = {
			isa = PBXGroup;
			children = (
				A66D8C3824976A9A00D777EB /* AppVelox */,
				A66D8C3724976A9A00D777EB /* Products */,
			);
			sourceTree = "<group>";
		};
		A66D8C3724976A9A00D777EB /* Products */ = {
			isa = PBXGroup;
			children = (
				A66D8C3624976A9A00D777EB /* AppVelox.app */,
			);
			name = Products;
			sourceTree = "<group>";
		};
		A66D8C3824976A9A00D777EB /* AppVelox */ = {
			isa = PBXGroup;
			children = (
				A66D8C3924976A9A00D777EB /* AppDelegate.swift */,
				A66D8C3B24976A9A00D777EB /* SceneDelegate.swift */,
				A66D8C562497987E00D777EB /* Controller */,
				A66D8C632497C00300D777EB /* News */,
				A66D8C642498BBEF00D777EB /* NetworkManager.swift */,
				A66D8C3F24976A9A00D777EB /* Main.storyboard */,
				A66D8C4524976AA000D777EB /* Assets.xcassets */,
				A66D8C4724976AA000D777EB /* LaunchScreen.storyboard */,
				A66D8C4A24976AA000D777EB /* Info.plist */,
				A66D8C4224976A9A00D777EB /* App.xcdatamodeld */,
			);
			path = AppVelox;
			sourceTree = "<group>";
		};
		A66D8C562497987E00D777EB /* Controller */ = {
			isa = PBXGroup;
			children = (
				A66D8C3D24976A9A00D777EB /* NewsListTableViewController.swift */,
				A66D8C5224978E0D00D777EB /* NewsListTableViewCell.swift */,
				A66D8C542497980E00D777EB /* NewsTableViewController.swift */,
				A66D8C57249798F100D777EB /* NewsTableViewCell.swift */,
			);
			path = Controller;
			sourceTree = "<group>";
		};
		A66D8C632497C00300D777EB /* News */ = {
			isa = PBXGroup;
			children = (
				A66D8C5F2497BA5300D777EB /* News.swift */,
			);
			path = News;
			sourceTree = "<group>";
		};
/* End PBXGroup section */

/* Begin PBXNativeTarget section */
		A66D8C3524976A9A00D777EB /* AppVelox */ = {
			isa = PBXNativeTarget;
			buildConfigurationList = A66D8C4D24976AA000D777EB /* Build configuration list for PBXNativeTarget "AppVelox" */;
			buildPhases = (
				A66D8C3224976A9A00D777EB /* Sources */,
				A66D8C3324976A9A00D777EB /* Frameworks */,
				A66D8C3424976A9A00D777EB /* Resources */,
			);
			buildRules = (
			);
			dependencies = (
			);
			name = AppVelox;
			packageProductDependencies = (
				A66D8C692498F6A400D777EB /* FeedKit */,
			);
			productName = App;
			productReference = A66D8C3624976A9A00D777EB /* AppVelox.app */;
			productType = "com.apple.product-type.application";
		};
/* End PBXNativeTarget section */

/* Begin PBXProject section */
		A66D8C2E24976A9A00D777EB /* Project object */ = {
			isa = PBXProject;
			attributes = {
				LastSwiftUpdateCheck = 1140;
				LastUpgradeCheck = 1140;
				ORGANIZATIONNAME = "Евангелина Клюкай";
				TargetAttributes = {
					A66D8C3524976A9A00D777EB = {
						CreatedOnToolsVersion = 11.4.1;
					};
				};
			};
			buildConfigurationList = A66D8C3124976A9A00D777EB /* Build configuration list for PBXProject "AppVelox" */;
			compatibilityVersion = "Xcode 9.3";
			developmentRegion = en;
			hasScannedForEncodings = 0;
			knownRegions = (
				en,
				Base,
			);
			mainGroup = A66D8C2D24976A9A00D777EB;
			packageReferences = (
				A66D8C682498F6A400D777EB /* XCRemoteSwiftPackageReference "FeedKit" */,
			);
			productRefGroup = A66D8C3724976A9A00D777EB /* Products */;
			projectDirPath = "";
			projectRoot = "";
			targets = (
				A66D8C3524976A9A00D777EB /* AppVelox */,
			);
		};
/* End PBXProject section */

/* Begin PBXResourcesBuildPhase section */
		A66D8C3424976A9A00D777EB /* Resources */ = {
			isa = PBXResourcesBuildPhase;
			buildActionMask = 2147483647;
			files = (
				A66D8C4924976AA000D777EB /* LaunchScreen.storyboard in Resources */,
				A66D8C4624976AA000D777EB /* Assets.xcassets in Resources */,
				A66D8C4124976A9A00D777EB /* Main.storyboard in Resources */,
			);
			runOnlyForDeploymentPostprocessing = 0;
		};
/* End PBXResourcesBuildPhase section */

/* Begin PBXSourcesBuildPhase section */
		A66D8C3224976A9A00D777EB /* Sources */ = {
			isa = PBXSourcesBuildPhase;
			buildActionMask = 2147483647;
			files = (
				A66D8C3E24976A9A00D777EB /* NewsListTableViewController.swift in Sources */,
				A66D8C652498BBF000D777EB /* NetworkManager.swift in Sources */,
				A66D8C4424976A9A00D777EB /* App.xcdatamodeld in Sources */,
				A66D8C602497BA5300D777EB /* News.swift in Sources */,
				A66D8C58249798F100D777EB /* NewsTableViewCell.swift in Sources */,
				A66D8C3A24976A9A00D777EB /* AppDelegate.swift in Sources */,
				A66D8C5324978E0D00D777EB /* NewsListTableViewCell.swift in Sources */,
				A66D8C3C24976A9A00D777EB /* SceneDelegate.swift in Sources */,
				A66D8C552497980E00D777EB /* NewsTableViewController.swift in Sources */,
			);
			runOnlyForDeploymentPostprocessing = 0;
		};
/* End PBXSourcesBuildPhase section */

/* Begin PBXVariantGroup section */
		A66D8C3F24976A9A00D777EB /* Main.storyboard */ = {
			isa = PBXVariantGroup;
			children = (
				A66D8C4024976A9A00D777EB /* Base */,
			);
			name = Main.storyboard;
			sourceTree = "<group>";
		};
		A66D8C4724976AA000D777EB /* LaunchScreen.storyboard */ = {
			isa = PBXVariantGroup;
			children = (
				A66D8C4824976AA000D777EB /* Base */,
			);
			name = LaunchScreen.storyboard;
			sourceTree = "<group>";
		};
/* End PBXVariantGroup section */

/* Begin XCBuildConfiguration section */
		A66D8C4B24976AA000D777EB /* Debug */ = {
			isa = XCBuildConfiguration;
			buildSettings = {
				ALWAYS_SEARCH_USER_PATHS = NO;
				CLANG_ANALYZER_NONNULL = YES;
				CLANG_ANALYZER_NUMBER_OBJECT_CONVERSION = YES_AGGRESSIVE;
				CLANG_CXX_LANGUAGE_STANDARD = "gnu++14";
				CLANG_CXX_LIBRARY = "libc++";
				CLANG_ENABLE_MODULES = YES;
				CLANG_ENABLE_OBJC_ARC = YES;
				CLANG_ENABLE_OBJC_WEAK = YES;
				CLANG_WARN_BLOCK_CAPTURE_AUTORELEASING = YES;
				CLANG_WARN_BOOL_CONVERSION = YES;
				CLANG_WARN_COMMA = YES;
				CLANG_WARN_CONSTANT_CONVERSION = YES;
				CLANG_WARN_DEPRECATED_OBJC_IMPLEMENTATIONS = YES;
				CLANG_WARN_DIRECT_OBJC_ISA_USAGE = YES_ERROR;
				CLANG_WARN_DOCUMENTATION_COMMENTS = YES;
				CLANG_WARN_EMPTY_BODY = YES;
				CLANG_WARN_ENUM_CONVERSION = YES;
				CLANG_WARN_INFINITE_RECURSION = YES;
				CLANG_WARN_INT_CONVERSION = YES;
				CLANG_WARN_NON_LITERAL_NULL_CONVERSION = YES;
				CLANG_WARN_OBJC_IMPLICIT_RETAIN_SELF = YES;
				CLANG_WARN_OBJC_LITERAL_CONVERSION = YES;
				CLANG_WARN_OBJC_ROOT_CLASS = YES_ERROR;
				CLANG_WARN_RANGE_LOOP_ANALYSIS = YES;
				CLANG_WARN_STRICT_PROTOTYPES = YES;
				CLANG_WARN_SUSPICIOUS_MOVE = YES;
				CLANG_WARN_UNGUARDED_AVAILABILITY = YES_AGGRESSIVE;
				CLANG_WARN_UNREACHABLE_CODE = YES;
				CLANG_WARN__DUPLICATE_METHOD_MATCH = YES;
				COPY_PHASE_STRIP = NO;
				DEBUG_INFORMATION_FORMAT = dwarf;
				ENABLE_STRICT_OBJC_MSGSEND = YES;
				ENABLE_TESTABILITY = YES;
				GCC_C_LANGUAGE_STANDARD = gnu11;
				GCC_DYNAMIC_NO_PIC = NO;
				GCC_NO_COMMON_BLOCKS = YES;
				GCC_OPTIMIZATION_LEVEL = 0;
				GCC_PREPROCESSOR_DEFINITIONS = (
					"DEBUG=1",
					"$(inherited)",
				);
				GCC_WARN_64_TO_32_BIT_CONVERSION = YES;
				GCC_WARN_ABOUT_RETURN_TYPE = YES_ERROR;
				GCC_WARN_UNDECLARED_SELECTOR = YES;
				GCC_WARN_UNINITIALIZED_AUTOS = YES_AGGRESSIVE;
				GCC_WARN_UNUSED_FUNCTION = YES;
				GCC_WARN_UNUSED_VARIABLE = YES;
				IPHONEOS_DEPLOYMENT_TARGET = 13.4;
				MTL_ENABLE_DEBUG_INFO = INCLUDE_SOURCE;
				MTL_FAST_MATH = YES;
				ONLY_ACTIVE_ARCH = YES;
				SDKROOT = iphoneos;
				SWIFT_ACTIVE_COMPILATION_CONDITIONS = DEBUG;
				SWIFT_OPTIMIZATION_LEVEL = "-Onone";
			};
			name = Debug;
		};
		A66D8C4C24976AA000D777EB /* Release */ = {
			isa = XCBuildConfiguration;
			buildSettings = {
				ALWAYS_SEARCH_USER_PATHS = NO;
				CLANG_ANALYZER_NONNULL = YES;
				CLANG_ANALYZER_NUMBER_OBJECT_CONVERSION = YES_AGGRESSIVE;
				CLANG_CXX_LANGUAGE_STANDARD = "gnu++14";
				CLANG_CXX_LIBRARY = "libc++";
				CLANG_ENABLE_MODULES = YES;
				CLANG_ENABLE_OBJC_ARC = YES;
				CLANG_ENABLE_OBJC_WEAK = YES;
				CLANG_WARN_BLOCK_CAPTURE_AUTORELEASING = YES;
				CLANG_WARN_BOOL_CONVERSION = YES;
				CLANG_WARN_COMMA = YES;
				CLANG_WARN_CONSTANT_CONVERSION = YES;
				CLANG_WARN_DEPRECATED_OBJC_IMPLEMENTATIONS = YES;
				CLANG_WARN_DIRECT_OBJC_ISA_USAGE = YES_ERROR;
				CLANG_WARN_DOCUMENTATION_COMMENTS = YES;
				CLANG_WARN_EMPTY_BODY = YES;
				CLANG_WARN_ENUM_CONVERSION = YES;
				CLANG_WARN_INFINITE_RECURSION = YES;
				CLANG_WARN_INT_CONVERSION = YES;
				CLANG_WARN_NON_LITERAL_NULL_CONVERSION = YES;
				CLANG_WARN_OBJC_IMPLICIT_RETAIN_SELF = YES;
				CLANG_WARN_OBJC_LITERAL_CONVERSION = YES;
				CLANG_WARN_OBJC_ROOT_CLASS = YES_ERROR;
				CLANG_WARN_RANGE_LOOP_ANALYSIS = YES;
				CLANG_WARN_STRICT_PROTOTYPES = YES;
				CLANG_WARN_SUSPICIOUS_MOVE = YES;
				CLANG_WARN_UNGUARDED_AVAILABILITY = YES_AGGRESSIVE;
				CLANG_WARN_UNREACHABLE_CODE = YES;
				CLANG_WARN__DUPLICATE_METHOD_MATCH = YES;
				COPY_PHASE_STRIP = NO;
				DEBUG_INFORMATION_FORMAT = "dwarf-with-dsym";
				ENABLE_NS_ASSERTIONS = NO;
				ENABLE_STRICT_OBJC_MSGSEND = YES;
				GCC_C_LANGUAGE_STANDARD = gnu11;
				GCC_NO_COMMON_BLOCKS = YES;
				GCC_WARN_64_TO_32_BIT_CONVERSION = YES;
				GCC_WARN_ABOUT_RETURN_TYPE = YES_ERROR;
				GCC_WARN_UNDECLARED_SELECTOR = YES;
				GCC_WARN_UNINITIALIZED_AUTOS = YES_AGGRESSIVE;
				GCC_WARN_UNUSED_FUNCTION = YES;
				GCC_WARN_UNUSED_VARIABLE = YES;
				IPHONEOS_DEPLOYMENT_TARGET = 13.4;
				MTL_ENABLE_DEBUG_INFO = NO;
				MTL_FAST_MATH = YES;
				SDKROOT = iphoneos;
				SWIFT_COMPILATION_MODE = wholemodule;
				SWIFT_OPTIMIZATION_LEVEL = "-O";
				VALIDATE_PRODUCT = YES;
			};
			name = Release;
		};
		A66D8C4E24976AA000D777EB /* Debug */ = {
			isa = XCBuildConfiguration;
			buildSettings = {
				ASSETCATALOG_COMPILER_APPICON_NAME = AppIcon;
				CODE_SIGN_STYLE = Automatic;
				DEVELOPMENT_TEAM = A4647YNHF8;
				INFOPLIST_FILE = AppVelox/Info.plist;
				LD_RUNPATH_SEARCH_PATHS = (
					"$(inherited)",
					"@executable_path/Frameworks",
				);
				PRODUCT_BUNDLE_IDENTIFIER = com.klyukay.eva.App;
				PRODUCT_NAME = AppVelox;
				SWIFT_VERSION = 5.0;
				TARGETED_DEVICE_FAMILY = "1,2";
			};
			name = Debug;
		};
		A66D8C4F24976AA000D777EB /* Release */ = {
			isa = XCBuildConfiguration;
			buildSettings = {
				ASSETCATALOG_COMPILER_APPICON_NAME = AppIcon;
				CODE_SIGN_STYLE = Automatic;
				DEVELOPMENT_TEAM = A4647YNHF8;
				INFOPLIST_FILE = AppVelox/Info.plist;
				LD_RUNPATH_SEARCH_PATHS = (
					"$(inherited)",
					"@executable_path/Frameworks",
				);
				PRODUCT_BUNDLE_IDENTIFIER = com.klyukay.eva.App;
				PRODUCT_NAME = AppVelox;
				SWIFT_VERSION = 5.0;
				TARGETED_DEVICE_FAMILY = "1,2";
			};
			name = Release;
		};
/* End XCBuildConfiguration section */

/* Begin XCConfigurationList section */
		A66D8C3124976A9A00D777EB /* Build configuration list for PBXProject "AppVelox" */ = {
			isa = XCConfigurationList;
			buildConfigurations = (
				A66D8C4B24976AA000D777EB /* Debug */,
				A66D8C4C24976AA000D777EB /* Release */,
			);
			defaultConfigurationIsVisible = 0;
			defaultConfigurationName = Release;
		};
		A66D8C4D24976AA000D777EB /* Build configuration list for PBXNativeTarget "AppVelox" */ = {
			isa = XCConfigurationList;
			buildConfigurations = (
				A66D8C4E24976AA000D777EB /* Debug */,
				A66D8C4F24976AA000D777EB /* Release */,
			);
			defaultConfigurationIsVisible = 0;
			defaultConfigurationName = Release;
		};
/* End XCConfigurationList section */

/* Begin XCRemoteSwiftPackageReference section */
		A66D8C682498F6A400D777EB /* XCRemoteSwiftPackageReference "FeedKit" */ = {
			isa = XCRemoteSwiftPackageReference;
			repositoryURL = "https://github.com/nmdias/FeedKit.git";
			requirement = {
				kind = upToNextMajorVersion;
				minimumVersion = 9.1.2;
			};
		};
/* End XCRemoteSwiftPackageReference section */

/* Begin XCSwiftPackageProductDependency section */
		A66D8C692498F6A400D777EB /* FeedKit */ = {
			isa = XCSwiftPackageProductDependency;
			package = A66D8C682498F6A400D777EB /* XCRemoteSwiftPackageReference "FeedKit" */;
			productName = FeedKit;
		};
/* End XCSwiftPackageProductDependency section */

/* Begin XCVersionGroup section */
		A66D8C4224976A9A00D777EB /* App.xcdatamodeld */ = {
			isa = XCVersionGroup;
			children = (
				A66D8C4324976A9A00D777EB /* App.xcdatamodel */,
			);
			currentVersion = A66D8C4324976A9A00D777EB /* App.xcdatamodel */;
			path = App.xcdatamodeld;
			sourceTree = "<group>";
			versionGroupType = wrapper.xcdatamodel;
		};
/* End XCVersionGroup section */
	};
	rootObject = A66D8C2E24976A9A00D777EB /* Project object */;
}
